
Microsoft Visual Studio Solution File, Format Version 11.00
# Visual Studio 2010
Project("{FAE04EC0-301F-11D3-BF4B-00C04F79EFBC}") = "UnityEngine.TestRunner", "UnityEngine.TestRunner.csproj", "{99c4385e-7188-610e-38b0-bd83a1ab22e9}"
EndProject
Project("{FAE04EC0-301F-11D3-BF4B-00C04F79EFBC}") = "Unity.Mathematics", "Unity.Mathematics.csproj", "{70412ecd-da26-1ef0-1747-3d76364bf80d}"
EndProject
Project("{FAE04EC0-301F-11D3-BF4B-00C04F79EFBC}") = "Unity.2D.Animation.Triangle.Runtime", "Unity.2D.Animation.Triangle.Runtime.csproj", "{340de429-4fc3-36be-11d4-7f051aeb1a39}"
EndProject
Project("{FAE04EC0-301F-11D3-BF4B-00C04F79EFBC}") = "Unity.Timeline", "Unity.Timeline.csproj", "{70ba8507-980a-d510-c671-30b0bc30c6a0}"
EndProject
Project("{FAE04EC0-301F-11D3-BF4B-00C04F79EFBC}") = "UnityEngine.UI", "UnityEngine.UI.csproj", "{84171400-58ab-5cd3-d34a-1c9293d70455}"
EndProject
Project("{FAE04EC0-301F-11D3-BF4B-00C04F79EFBC}") = "Unity.TextMeshPro", "Unity.TextMeshPro.csproj", "{af7c63bd-e683-e56d-abc5-ec7310038eb3}"
EndProject
Project("{FAE04EC0-301F-11D3-BF4B-00C04F79EFBC}") = "Unity.2D.Animation.Runtime", "Unity.2D.Animation.Runtime.csproj", "{d82e94b7-0e1b-0575-c97e-97779586c3df}"
EndProject
Project("{FAE04EC0-301F-11D3-BF4B-00C04F79EFBC}") = "Unity.2D.IK.Runtime", "Unity.2D.IK.Runtime.csproj", "{64dd03fd-456d-843f-386a-37c895ccdaf8}"
EndProject
Project("{FAE04EC0-301F-11D3-BF4B-00C04F79EFBC}") = "Unity.2D.SpriteShape.Runtime", "Unity.2D.SpriteShape.Runtime.csproj", "{edb84257-04fd-e169-3af9-a4240c254ace}"
EndProject
Project("{FAE04EC0-301F-11D3-BF4B-00C04F79EFBC}") = "Unity.2D.PixelPerfect", "Unity.2D.PixelPerfect.csproj", "{79177c76-f7de-dbcd-4cb3-a62c5a5dec13}"
EndProject
Project("{FAE04EC0-301F-11D3-BF4B-00C04F79EFBC}") = "Unity.2D.Common.Runtime", "Unity.2D.Common.Runtime.csproj", "{aa43e72e-541a-f175-c41e-9fd8c04c84a1}"
EndProject
Project("{FAE04EC0-301F-11D3-BF4B-00C04F79EFBC}") = "Unity.InternalAPIEngineBridge.001", "Unity.InternalAPIEngineBridge.001.csproj", "{d19891f9-8691-3cd9-a83e-6daa05d5f825}"
EndProject
Project("{FAE04EC0-301F-11D3-BF4B-00C04F79EFBC}") = "Unity.RenderPipelines.Core.Runtime", "Unity.RenderPipelines.Core.Runtime.csproj", "{3817b7d1-1930-b4d1-ba32-e025eb723ef9}"
EndProject
Project("{FAE04EC0-301F-11D3-BF4B-00C04F79EFBC}") = "Unity.RenderPipelines.Universal.Runtime", "Unity.RenderPipelines.Universal.Runtime.csproj", "{71ee99d1-b03e-25f9-b991-ff02b6c5c9c7}"
EndProject
Project("{FAE04EC0-301F-11D3-BF4B-00C04F79EFBC}") = "Unity.RenderPipelines.Core.ShaderLibrary", "Unity.RenderPipelines.Core.ShaderLibrary.csproj", "{7c0fd6df-0e68-aa51-1087-edc131f9c3f7}"
EndProject
Project("{FAE04EC0-301F-11D3-BF4B-00C04F79EFBC}") = "Unity.RenderPipelines.Universal.Shaders", "Unity.RenderPipelines.Universal.Shaders.csproj", "{85786c41-12b7-b81b-bbc1-68c253ea632f}"
EndProject
Project("{FAE04EC0-301F-11D3-BF4B-00C04F79EFBC}") = "Unity.RenderPipelines.ShaderGraph.ShaderGraphLibrary", "Unity.RenderPipelines.ShaderGraph.ShaderGraphLibrary.csproj", "{8a00e700-4269-456a-2af6-548323a9ade5}"
EndProject
Project("{FAE04EC0-301F-11D3-BF4B-00C04F79EFBC}") = "Unity.RenderPipeline.Universal.ShaderLibrary", "Unity.RenderPipeline.Universal.ShaderLibrary.csproj", "{1f430291-5233-8c00-90b0-1de8166e2fe3}"
EndProject
Project("{FAE04EC0-301F-11D3-BF4B-00C04F79EFBC}") = "Assembly-CSharp", "Assembly-CSharp.csproj", "{6705ac7b-7e0e-fdd3-7250-2d8278057793}"
EndProject
Project("{FAE04EC0-301F-11D3-BF4B-00C04F79EFBC}") = "UnityEditor.TestRunner", "UnityEditor.TestRunner.csproj", "{a7756565-77b9-5af1-fbd6-0d44bfc928c9}"
EndProject
Project("{FAE04EC0-301F-11D3-BF4B-00C04F79EFBC}") = "Unity.PlasticSCM.Editor", "Unity.PlasticSCM.Editor.csproj", "{2c1b9071-a5aa-3d93-2be1-b75fdd8549f9}"
EndProject
Project("{FAE04EC0-301F-11D3-BF4B-00C04F79EFBC}") = "UnityEditor.UI", "UnityEditor.UI.csproj", "{65f554cb-d572-074b-09ea-cfc39f90e150}"
EndProject
Project("{FAE04EC0-301F-11D3-BF4B-00C04F79EFBC}") = "Unity.Services.Core.Editor", "Unity.Services.Core.Editor.csproj", "{f6d226be-5d05-0633-3817-b5ba76171880}"
EndProject
Project("{FAE04EC0-301F-11D3-BF4B-00C04F79EFBC}") = "Unity.Timeline.Editor", "Unity.Timeline.Editor.csproj", "{93fb0dbc-dd2b-7821-e9eb-4016a36ed95e}"
EndProject
Project("{FAE04EC0-301F-11D3-BF4B-00C04F79EFBC}") = "Unity.VisualStudio.Editor", "Unity.VisualStudio.Editor.csproj", "{f598f66e-f891-15de-61fc-040f19d8f164}"
EndProject
Project("{FAE04EC0-301F-11D3-BF4B-00C04F79EFBC}") = "Unity.2D.Psdimporter.Editor", "Unity.2D.Psdimporter.Editor.csproj", "{61fd6210-08aa-3d45-6f0e-c4175d757472}"
EndProject
Project("{FAE04EC0-301F-11D3-BF4B-00C04F79EFBC}") = "Unity.2D.Animation.Editor", "Unity.2D.Animation.Editor.csproj", "{30592613-c785-835f-45cf-44f461a5209a}"
EndProject
Project("{FAE04EC0-301F-11D3-BF4B-00C04F79EFBC}") = "Unity.TextMeshPro.Editor", "Unity.TextMeshPro.Editor.csproj", "{55c9ab6c-a768-dfeb-902b-042282feaad8}"
EndProject
Project("{FAE04EC0-301F-11D3-BF4B-00C04F79EFBC}") = "Unity.2D.SpriteShape.Editor", "Unity.2D.SpriteShape.Editor.csproj", "{5ed68425-3d52-d053-b365-72c83f673371}"
EndProject
Project("{FAE04EC0-301F-11D3-BF4B-00C04F79EFBC}") = "Unity.CollabProxy.Editor", "Unity.CollabProxy.Editor.csproj", "{5b388af7-73ad-3753-b974-e3a6fb6ce112}"
EndProject
Project("{FAE04EC0-301F-11D3-BF4B-00C04F79EFBC}") = "PsdPlugin", "PsdPlugin.csproj", "{bb62677a-e1b7-6a87-7bef-8fb529ba70e8}"
EndProject
Project("{FAE04EC0-301F-11D3-BF4B-00C04F79EFBC}") = "Unity.2D.Path.Editor", "Unity.2D.Path.Editor.csproj", "{52207426-6d84-34f9-7c42-c9d22b3fda65}"
EndProject
Project("{FAE04EC0-301F-11D3-BF4B-00C04F79EFBC}") = "Unity.Rider.Editor", "Unity.Rider.Editor.csproj", "{27fa1d6c-3678-eb55-1326-23b2e085e479}"
EndProject
Project("{FAE04EC0-301F-11D3-BF4B-00C04F79EFBC}") = "Unity.2D.IK.Editor", "Unity.2D.IK.Editor.csproj", "{57f5a440-697b-12f1-3c7f-af3fe7982252}"
EndProject
Project("{FAE04EC0-301F-11D3-BF4B-00C04F79EFBC}") = "Unity.2D.Sprite.Editor", "Unity.2D.Sprite.Editor.csproj", "{e3278538-e88f-ee48-fda3-b3733d3a486a}"
EndProject
Project("{FAE04EC0-301F-11D3-BF4B-00C04F79EFBC}") = "Unity.2D.Tilemap.Editor", "Unity.2D.Tilemap.Editor.csproj", "{41b56dfd-1c14-dd28-f69d-9f222a80648b}"
EndProject
Project("{FAE04EC0-301F-11D3-BF4B-00C04F79EFBC}") = "Unity.2D.PixelPerfect.Editor", "Unity.2D.PixelPerfect.Editor.csproj", "{4cc47301-9186-5635-ff7f-c9ce910ab9e9}"
EndProject
Project("{FAE04EC0-301F-11D3-BF4B-00C04F79EFBC}") = "Unity.VSCode.Editor", "Unity.VSCode.Editor.csproj", "{c56f4cac-b022-a6db-2d9a-21765831c9be}"
EndProject
Project("{FAE04EC0-301F-11D3-BF4B-00C04F79EFBC}") = "Unity.2D.Common.Editor", "Unity.2D.Common.Editor.csproj", "{318e48a0-4d8c-772e-4f4d-9ebd4c50f16e}"
EndProject
Project("{FAE04EC0-301F-11D3-BF4B-00C04F79EFBC}") = "Unity.Mathematics.Editor", "Unity.Mathematics.Editor.csproj", "{4178de52-85b1-bddc-3c23-6bcdb40bd77d}"
EndProject
Project("{FAE04EC0-301F-11D3-BF4B-00C04F79EFBC}") = "Unity.InternalAPIEditorBridge.001", "Unity.InternalAPIEditorBridge.001.csproj", "{ebeac2d1-f9f9-0866-797f-69d208c580c2}"
EndProject
Project("{FAE04EC0-301F-11D3-BF4B-00C04F79EFBC}") = "Unity.ShaderGraph.Editor", "Unity.ShaderGraph.Editor.csproj", "{ba246dac-1cd6-9057-af46-7488099f60ff}"
EndProject
Project("{FAE04EC0-301F-11D3-BF4B-00C04F79EFBC}") = "Unity.RenderPipelines.Core.Editor", "Unity.RenderPipelines.Core.Editor.csproj", "{4c3ee7aa-c3d9-6492-6a7e-cb7d1f1eebf4}"
EndProject
Project("{FAE04EC0-301F-11D3-BF4B-00C04F79EFBC}") = "Unity.RenderPipelines.Universal.Editor", "Unity.RenderPipelines.Universal.Editor.csproj", "{51587410-e4d4-844d-6a3d-3e01c0a0846d}"
EndProject
Project("{FAE04EC0-301F-11D3-BF4B-00C04F79EFBC}") = "Unity.ShaderGraph.Utilities", "Unity.ShaderGraph.Utilities.csproj", "{e8296d67-f1b6-9c02-b9a6-91010bb6a0af}"
EndProject
Project("{FAE04EC0-301F-11D3-BF4B-00C04F79EFBC}") = "Unity.Searcher.Editor", "Unity.Searcher.Editor.csproj", "{c1c09330-d609-8cb7-a796-d767d4f0744a}"
EndProject
Project("{FAE04EC0-301F-11D3-BF4B-00C04F79EFBC}") = "Unity.SysrootPackage.Editor", "Unity.SysrootPackage.Editor.csproj", "{2381cf15-421a-ced2-b097-da9e979f71b7}"
EndProject
Project("{FAE04EC0-301F-11D3-BF4B-00C04F79EFBC}") = "Unity.Sysroot.Linux_x86_64", "Unity.Sysroot.Linux_x86_64.csproj", "{ad9c9e46-2c8c-dc75-0aeb-b8510d93d03c}"
EndProject
Project("{FAE04EC0-301F-11D3-BF4B-00C04F79EFBC}") = "Unity.Toolchain.Linux-x86_64", "Unity.Toolchain.Linux-x86_64.csproj", "{4f8bbe25-5b41-b99a-8539-912a3ee91cea}"
EndProject
Global
	GlobalSection(SolutionConfigurationPlatforms) = preSolution
		Debug|Any CPU = Debug|Any CPU
	EndGlobalSection
	GlobalSection(ProjectConfigurationPlatforms) = postSolution
		{99c4385e-7188-610e-38b0-bd83a1ab22e9}.Debug|Any CPU.ActiveCfg = Debug|Any CPU
		{99c4385e-7188-610e-38b0-bd83a1ab22e9}.Debug|Any CPU.Build.0 = Debug|Any CPU
		{70412ecd-da26-1ef0-1747-3d76364bf80d}.Debug|Any CPU.ActiveCfg = Debug|Any CPU
		{70412ecd-da26-1ef0-1747-3d76364bf80d}.Debug|Any CPU.Build.0 = Debug|Any CPU
		{340de429-4fc3-36be-11d4-7f051aeb1a39}.Debug|Any CPU.ActiveCfg = Debug|Any CPU
		{340de429-4fc3-36be-11d4-7f051aeb1a39}.Debug|Any CPU.Build.0 = Debug|Any CPU
		{70ba8507-980a-d510-c671-30b0bc30c6a0}.Debug|Any CPU.ActiveCfg = Debug|Any CPU
		{70ba8507-980a-d510-c671-30b0bc30c6a0}.Debug|Any CPU.Build.0 = Debug|Any CPU
		{84171400-58ab-5cd3-d34a-1c9293d70455}.Debug|Any CPU.ActiveCfg = Debug|Any CPU
		{84171400-58ab-5cd3-d34a-1c9293d70455}.Debug|Any CPU.Build.0 = Debug|Any CPU
		{af7c63bd-e683-e56d-abc5-ec7310038eb3}.Debug|Any CPU.ActiveCfg = Debug|Any CPU
		{af7c63bd-e683-e56d-abc5-ec7310038eb3}.Debug|Any CPU.Build.0 = Debug|Any CPU
		{d82e94b7-0e1b-0575-c97e-97779586c3df}.Debug|Any CPU.ActiveCfg = Debug|Any CPU
		{d82e94b7-0e1b-0575-c97e-97779586c3df}.Debug|Any CPU.Build.0 = Debug|Any CPU
		{64dd03fd-456d-843f-386a-37c895ccdaf8}.Debug|Any CPU.ActiveCfg = Debug|Any CPU
		{64dd03fd-456d-843f-386a-37c895ccdaf8}.Debug|Any CPU.Build.0 = Debug|Any CPU
		{edb84257-04fd-e169-3af9-a4240c254ace}.Debug|Any CPU.ActiveCfg = Debug|Any CPU
		{edb84257-04fd-e169-3af9-a4240c254ace}.Debug|Any CPU.Build.0 = Debug|Any CPU
		{79177c76-f7de-dbcd-4cb3-a62c5a5dec13}.Debug|Any CPU.ActiveCfg = Debug|Any CPU
		{79177c76-f7de-dbcd-4cb3-a62c5a5dec13}.Debug|Any CPU.Build.0 = Debug|Any CPU
		{aa43e72e-541a-f175-c41e-9fd8c04c84a1}.Debug|Any CPU.ActiveCfg = Debug|Any CPU
		{aa43e72e-541a-f175-c41e-9fd8c04c84a1}.Debug|Any CPU.Build.0 = Debug|Any CPU
		{d19891f9-8691-3cd9-a83e-6daa05d5f825}.Debug|Any CPU.ActiveCfg = Debug|Any CPU
		{d19891f9-8691-3cd9-a83e-6daa05d5f825}.Debug|Any CPU.Build.0 = Debug|Any CPU
		{3817b7d1-1930-b4d1-ba32-e025eb723ef9}.Debug|Any CPU.ActiveCfg = Debug|Any CPU
		{3817b7d1-1930-b4d1-ba32-e025eb723ef9}.Debug|Any CPU.Build.0 = Debug|Any CPU
		{71ee99d1-b03e-25f9-b991-ff02b6c5c9c7}.Debug|Any CPU.ActiveCfg = Debug|Any CPU
		{71ee99d1-b03e-25f9-b991-ff02b6c5c9c7}.Debug|Any CPU.Build.0 = Debug|Any CPU
		{7c0fd6df-0e68-aa51-1087-edc131f9c3f7}.Debug|Any CPU.ActiveCfg = Debug|Any CPU
		{7c0fd6df-0e68-aa51-1087-edc131f9c3f7}.Debug|Any CPU.Build.0 = Debug|Any CPU
		{85786c41-12b7-b81b-bbc1-68c253ea632f}.Debug|Any CPU.ActiveCfg = Debug|Any CPU
		{85786c41-12b7-b81b-bbc1-68c253ea632f}.Debug|Any CPU.Build.0 = Debug|Any CPU
		{8a00e700-4269-456a-2af6-548323a9ade5}.Debug|Any CPU.ActiveCfg = Debug|Any CPU
		{8a00e700-4269-456a-2af6-548323a9ade5}.Debug|Any CPU.Build.0 = Debug|Any CPU
		{1f430291-5233-8c00-90b0-1de8166e2fe3}.Debug|Any CPU.ActiveCfg = Debug|Any CPU
		{1f430291-5233-8c00-90b0-1de8166e2fe3}.Debug|Any CPU.Build.0 = Debug|Any CPU
		{6705ac7b-7e0e-fdd3-7250-2d8278057793}.Debug|Any CPU.ActiveCfg = Debug|Any CPU
		{6705ac7b-7e0e-fdd3-7250-2d8278057793}.Debug|Any CPU.Build.0 = Debug|Any CPU
		{a7756565-77b9-5af1-fbd6-0d44bfc928c9}.Debug|Any CPU.ActiveCfg = Debug|Any CPU
		{a7756565-77b9-5af1-fbd6-0d44bfc928c9}.Debug|Any CPU.Build.0 = Debug|Any CPU
		{2c1b9071-a5aa-3d93-2be1-b75fdd8549f9}.Debug|Any CPU.ActiveCfg = Debug|Any CPU
		{2c1b9071-a5aa-3d93-2be1-b75fdd8549f9}.Debug|Any CPU.Build.0 = Debug|Any CPU
		{65f554cb-d572-074b-09ea-cfc39f90e150}.Debug|Any CPU.ActiveCfg = Debug|Any CPU
		{65f554cb-d572-074b-09ea-cfc39f90e150}.Debug|Any CPU.Build.0 = Debug|Any CPU
		{f6d226be-5d05-0633-3817-b5ba76171880}.Debug|Any CPU.ActiveCfg = Debug|Any CPU
		{f6d226be-5d05-0633-3817-b5ba76171880}.Debug|Any CPU.Build.0 = Debug|Any CPU
		{93fb0dbc-dd2b-7821-e9eb-4016a36ed95e}.Debug|Any CPU.ActiveCfg = Debug|Any CPU
		{93fb0dbc-dd2b-7821-e9eb-4016a36ed95e}.Debug|Any CPU.Build.0 = Debug|Any CPU
		{f598f66e-f891-15de-61fc-040f19d8f164}.Debug|Any CPU.ActiveCfg = Debug|Any CPU
		{f598f66e-f891-15de-61fc-040f19d8f164}.Debug|Any CPU.Build.0 = Debug|Any CPU
		{61fd6210-08aa-3d45-6f0e-c4175d757472}.Debug|Any CPU.ActiveCfg = Debug|Any CPU
		{61fd6210-08aa-3d45-6f0e-c4175d757472}.Debug|Any CPU.Build.0 = Debug|Any CPU
		{30592613-c785-835f-45cf-44f461a5209a}.Debug|Any CPU.ActiveCfg = Debug|Any CPU
		{30592613-c785-835f-45cf-44f461a5209a}.Debug|Any CPU.Build.0 = Debug|Any CPU
		{55c9ab6c-a768-dfeb-902b-042282feaad8}.Debug|Any CPU.ActiveCfg = Debug|Any CPU
		{55c9ab6c-a768-dfeb-902b-042282feaad8}.Debug|Any CPU.Build.0 = Debug|Any CPU
		{5ed68425-3d52-d053-b365-72c83f673371}.Debug|Any CPU.ActiveCfg = Debug|Any CPU
		{5ed68425-3d52-d053-b365-72c83f673371}.Debug|Any CPU.Build.0 = Debug|Any CPU
		{5b388af7-73ad-3753-b974-e3a6fb6ce112}.Debug|Any CPU.ActiveCfg = Debug|Any CPU
		{5b388af7-73ad-3753-b974-e3a6fb6ce112}.Debug|Any CPU.Build.0 = Debug|Any CPU
		{bb62677a-e1b7-6a87-7bef-8fb529ba70e8}.Debug|Any CPU.ActiveCfg = Debug|Any CPU
		{bb62677a-e1b7-6a87-7bef-8fb529ba70e8}.Debug|Any CPU.Build.0 = Debug|Any CPU
		{52207426-6d84-34f9-7c42-c9d22b3fda65}.Debug|Any CPU.ActiveCfg = Debug|Any CPU
		{52207426-6d84-34f9-7c42-c9d22b3fda65}.Debug|Any CPU.Build.0 = Debug|Any CPU
		{27fa1d6c-3678-eb55-1326-23b2e085e479}.Debug|Any CPU.ActiveCfg = Debug|Any CPU
		{27fa1d6c-3678-eb55-1326-23b2e085e479}.Debug|Any CPU.Build.0 = Debug|Any CPU
		{57f5a440-697b-12f1-3c7f-af3fe7982252}.Debug|Any CPU.ActiveCfg = Debug|Any CPU
		{57f5a440-697b-12f1-3c7f-af3fe7982252}.Debug|Any CPU.Build.0 = Debug|Any CPU
		{e3278538-e88f-ee48-fda3-b3733d3a486a}.Debug|Any CPU.ActiveCfg = Debug|Any CPU
		{e3278538-e88f-ee48-fda3-b3733d3a486a}.Debug|Any CPU.Build.0 = Debug|Any CPU
		{41b56dfd-1c14-dd28-f69d-9f222a80648b}.Debug|Any CPU.ActiveCfg = Debug|Any CPU
		{41b56dfd-1c14-dd28-f69d-9f222a80648b}.Debug|Any CPU.Build.0 = Debug|Any CPU
		{4cc47301-9186-5635-ff7f-c9ce910ab9e9}.Debug|Any CPU.ActiveCfg = Debug|Any CPU
		{4cc47301-9186-5635-ff7f-c9ce910ab9e9}.Debug|Any CPU.Build.0 = Debug|Any CPU
		{c56f4cac-b022-a6db-2d9a-21765831c9be}.Debug|Any CPU.ActiveCfg = Debug|Any CPU
		{c56f4cac-b022-a6db-2d9a-21765831c9be}.Debug|Any CPU.Build.0 = Debug|Any CPU
		{318e48a0-4d8c-772e-4f4d-9ebd4c50f16e}.Debug|Any CPU.ActiveCfg = Debug|Any CPU
		{318e48a0-4d8c-772e-4f4d-9ebd4c50f16e}.Debug|Any CPU.Build.0 = Debug|Any CPU
		{4178de52-85b1-bddc-3c23-6bcdb40bd77d}.Debug|Any CPU.ActiveCfg = Debug|Any CPU
		{4178de52-85b1-bddc-3c23-6bcdb40bd77d}.Debug|Any CPU.Build.0 = Debug|Any CPU
		{ebeac2d1-f9f9-0866-797f-69d208c580c2}.Debug|Any CPU.ActiveCfg = Debug|Any CPU
		{ebeac2d1-f9f9-0866-797f-69d208c580c2}.Debug|Any CPU.Build.0 = Debug|Any CPU
		{ba246dac-1cd6-9057-af46-7488099f60ff}.Debug|Any CPU.ActiveCfg = Debug|Any CPU
		{ba246dac-1cd6-9057-af46-7488099f60ff}.Debug|Any CPU.Build.0 = Debug|Any CPU
		{4c3ee7aa-c3d9-6492-6a7e-cb7d1f1eebf4}.Debug|Any CPU.ActiveCfg = Debug|Any CPU
		{4c3ee7aa-c3d9-6492-6a7e-cb7d1f1eebf4}.Debug|Any CPU.Build.0 = Debug|Any CPU
		{51587410-e4d4-844d-6a3d-3e01c0a0846d}.Debug|Any CPU.ActiveCfg = Debug|Any CPU
		{51587410-e4d4-844d-6a3d-3e01c0a0846d}.Debug|Any CPU.Build.0 = Debug|Any CPU
		{e8296d67-f1b6-9c02-b9a6-91010bb6a0af}.Debug|Any CPU.ActiveCfg = Debug|Any CPU
		{e8296d67-f1b6-9c02-b9a6-91010bb6a0af}.Debug|Any CPU.Build.0 = Debug|Any CPU
		{c1c09330-d609-8cb7-a796-d767d4f0744a}.Debug|Any CPU.ActiveCfg = Debug|Any CPU
		{c1c09330-d609-8cb7-a796-d767d4f0744a}.Debug|Any CPU.Build.0 = Debug|Any CPU
		{2381cf15-421a-ced2-b097-da9e979f71b7}.Debug|Any CPU.ActiveCfg = Debug|Any CPU
		{2381cf15-421a-ced2-b097-da9e979f71b7}.Debug|Any CPU.Build.0 = Debug|Any CPU
		{ad9c9e46-2c8c-dc75-0aeb-b8510d93d03c}.Debug|Any CPU.ActiveCfg = Debug|Any CPU
		{ad9c9e46-2c8c-dc75-0aeb-b8510d93d03c}.Debug|Any CPU.Build.0 = Debug|Any CPU
		{4f8bbe25-5b41-b99a-8539-912a3ee91cea}.Debug|Any CPU.ActiveCfg = Debug|Any CPU
		{4f8bbe25-5b41-b99a-8539-912a3ee91cea}.Debug|Any CPU.Build.0 = Debug|Any CPU
	EndGlobalSection
	GlobalSection(SolutionProperties) = preSolution
		HideSolutionNode = FALSE
	EndGlobalSection
EndGlobal
